// !$*UTF8*$!
{
	archiveVersion = 1;
	classes = {
	};
	objectVersion = 56;
	objects = {

/* Begin PBXBuildFile section */
		A336FE742A17A37000807227 /* AppDelegate.swift in Sources */ = {isa = PBXBuildFile; fileRef = A336FE732A17A37000807227 /* AppDelegate.swift */; };
		A336FE762A17A37000807227 /* SceneDelegate.swift in Sources */ = {isa = PBXBuildFile; fileRef = A336FE752A17A37000807227 /* SceneDelegate.swift */; };
		A336FE782A17A37000807227 /* ViewController.swift in Sources */ = {isa = PBXBuildFile; fileRef = A336FE772A17A37000807227 /* ViewController.swift */; };
		A336FE7B2A17A37000807227 /* Main.storyboard in Resources */ = {isa = PBXBuildFile; fileRef = A336FE792A17A37000807227 /* Main.storyboard */; };
		A336FE7D2A17A37200807227 /* Assets.xcassets in Resources */ = {isa = PBXBuildFile; fileRef = A336FE7C2A17A37200807227 /* Assets.xcassets */; };
		A336FE802A17A37200807227 /* LaunchScreen.storyboard in Resources */ = {isa = PBXBuildFile; fileRef = A336FE7E2A17A37200807227 /* LaunchScreen.storyboard */; };
		A336FE882A17A4A400807227 /* ViewControllerGuru.swift in Sources */ = {isa = PBXBuildFile; fileRef = A336FE872A17A4A400807227 /* ViewControllerGuru.swift */; };
		A336FE8A2A17ADD200807227 /* ViewControllerRandom.swift in Sources */ = {isa = PBXBuildFile; fileRef = A336FE892A17ADD200807227 /* ViewControllerRandom.swift */; };
		A336FE8E2A17B57700807227 /* ViewControllerAdv.swift in Sources */ = {isa = PBXBuildFile; fileRef = A336FE8D2A17B57700807227 /* ViewControllerAdv.swift */; };
		A3B0BFA02A1BA46A00188024 /* ViewControllerVelha.swift in Sources */ = {isa = PBXBuildFile; fileRef = A3B0BF9F2A1BA46A00188024 /* ViewControllerVelha.swift */; };
/* End PBXBuildFile section */

/* Begin PBXFileReference section */
		A336FE702A17A37000807227 /* guruReview.app */ = {isa = PBXFileReference; explicitFileType = wrapper.application; includeInIndex = 0; path = guruReview.app; sourceTree = BUILT_PRODUCTS_DIR; };
		A336FE732A17A37000807227 /* AppDelegate.swift */ = {isa = PBXFileReference; lastKnownFileType = sourcecode.swift; path = AppDelegate.swift; sourceTree = "<group>"; };
		A336FE752A17A37000807227 /* SceneDelegate.swift */ = {isa = PBXFileReference; lastKnownFileType = sourcecode.swift; path = SceneDelegate.swift; sourceTree = "<group>"; };
		A336FE772A17A37000807227 /* ViewController.swift */ = {isa = PBXFileReference; lastKnownFileType = sourcecode.swift; path = ViewController.swift; sourceTree = "<group>"; };
		A336FE7A2A17A37000807227 /* Base */ = {isa = PBXFileReference; lastKnownFileType = file.storyboard; name = Base; path = Base.lproj/Main.storyboard; sourceTree = "<group>"; };
		A336FE7C2A17A37200807227 /* Assets.xcassets */ = {isa = PBXFileReference; lastKnownFileType = folder.assetcatalog; path = Assets.xcassets; sourceTree = "<group>"; };
		A336FE7F2A17A37200807227 /* Base */ = {isa = PBXFileReference; lastKnownFileType = file.storyboard; name = Base; path = Base.lproj/LaunchScreen.storyboard; sourceTree = "<group>"; };
		A336FE812A17A37200807227 /* Info.plist */ = {isa = PBXFileReference; lastKnownFileType = text.plist.xml; path = Info.plist; sourceTree = "<group>"; };
		A336FE872A17A4A400807227 /* ViewControllerGuru.swift */ = {isa = PBXFileReference; lastKnownFileType = sourcecode.swift; path = ViewControllerGuru.swift; sourceTree = "<group>"; };
		A336FE892A17ADD200807227 /* ViewControllerRandom.swift */ = {isa = PBXFileReference; lastKnownFileType = sourcecode.swift; path = ViewControllerRandom.swift; sourceTree = "<group>"; };
		A336FE8D2A17B57700807227 /* ViewControllerAdv.swift */ = {isa = PBXFileReference; lastKnownFileType = sourcecode.swift; path = ViewControllerAdv.swift; sourceTree = "<group>"; };
		A3B0BF9F2A1BA46A00188024 /* ViewControllerVelha.swift */ = {isa = PBXFileReference; lastKnownFileType = sourcecode.swift; path = ViewControllerVelha.swift; sourceTree = "<group>"; };
/* End PBXFileReference section */

/* Begin PBXFrameworksBuildPhase section */
		A336FE6D2A17A37000807227 /* Frameworks */ = {
			isa = PBXFrameworksBuildPhase;
			buildActionMask = 2147483647;
			files = (
			);
			runOnlyForDeploymentPostprocessing = 0;
		};
/* End PBXFrameworksBuildPhase section */

/* Begin PBXGroup section */
		A336FE672A17A37000807227 = {
			isa = PBXGroup;
			children = (
				A336FE722A17A37000807227 /* guruReview */,
				A336FE712A17A37000807227 /* Products */,
			);
			sourceTree = "<group>";
		};
		A336FE712A17A37000807227 /* Products */ = {
			isa = PBXGroup;
			children = (
				A336FE702A17A37000807227 /* guruReview.app */,
			);
			name = Products;
			sourceTree = "<group>";
		};
		A336FE722A17A37000807227 /* guruReview */ = {
			isa = PBXGroup;
			children = (
				A336FE732A17A37000807227 /* AppDelegate.swift */,
				A336FE752A17A37000807227 /* SceneDelegate.swift */,
				A336FE772A17A37000807227 /* ViewController.swift */,
				A336FE872A17A4A400807227 /* ViewControllerGuru.swift */,
				A3B0BF9F2A1BA46A00188024 /* ViewControllerVelha.swift */,
				A336FE792A17A37000807227 /* Main.storyboard */,
				A336FE8D2A17B57700807227 /* ViewControllerAdv.swift */,
				A336FE892A17ADD200807227 /* ViewControllerRandom.swift */,
				A336FE7C2A17A37200807227 /* Assets.xcassets */,
				A336FE7E2A17A37200807227 /* LaunchScreen.storyboard */,
				A336FE812A17A37200807227 /* Info.plist */,
			);
			path = guruReview;
			sourceTree = "<group>";
		};
/* End PBXGroup section */

/* Begin PBXNativeTarget section */
		A336FE6F2A17A37000807227 /* guruReview */ = {
			isa = PBXNativeTarget;
			buildConfigurationList = A336FE842A17A37200807227 /* Build configuration list for PBXNativeTarget "guruReview" */;
			buildPhases = (
				A336FE6C2A17A37000807227 /* Sources */,
				A336FE6D2A17A37000807227 /* Frameworks */,
				A336FE6E2A17A37000807227 /* Resources */,
			);
			buildRules = (
			);
			dependencies = (
			);
			name = guruReview;
			productName = guruReview;
			productReference = A336FE702A17A37000807227 /* guruReview.app */;
			productType = "com.apple.product-type.application";
		};
/* End PBXNativeTarget section */

/* Begin PBXProject section */
		A336FE682A17A37000807227 /* Project object */ = {
			isa = PBXProject;
			attributes = {
				BuildIndependentTargetsInParallel = 1;
				LastSwiftUpdateCheck = 1430;
				LastUpgradeCheck = 1430;
				TargetAttributes = {
					A336FE6F2A17A37000807227 = {
						CreatedOnToolsVersion = 14.3;
					};
				};
			};
			buildConfigurationList = A336FE6B2A17A37000807227 /* Build configuration list for PBXProject "guruReview" */;
			compatibilityVersion = "Xcode 14.0";
			developmentRegion = en;
			hasScannedForEncodings = 0;
			knownRegions = (
				en,
				Base,
			);
			mainGroup = A336FE672A17A37000807227;
			productRefGroup = A336FE712A17A37000807227 /* Products */;
			projectDirPath = "";
			projectRoot = "";
			targets = (
				A336FE6F2A17A37000807227 /* guruReview */,
			);
		};
/* End PBXProject section */

/* Begin PBXResourcesBuildPhase section */
		A336FE6E2A17A37000807227 /* Resources */ = {
			isa = PBXResourcesBuildPhase;
			buildActionMask = 2147483647;
			files = (
				A336FE802A17A37200807227 /* LaunchScreen.storyboard in Resources */,
				A336FE7D2A17A37200807227 /* Assets.xcassets in Resources */,
				A336FE7B2A17A37000807227 /* Main.storyboard in Resources */,
			);
			runOnlyForDeploymentPostprocessing = 0;
		};
/* End PBXResourcesBuildPhase section */

/* Begin PBXSourcesBuildPhase section */
		A336FE6C2A17A37000807227 /* Sources */ = {
			isa = PBXSourcesBuildPhase;
			buildActionMask = 2147483647;
			files = (
				A336FE8E2A17B57700807227 /* ViewControllerAdv.swift in Sources */,
				A336FE782A17A37000807227 /* ViewController.swift in Sources */,
				A3B0BFA02A1BA46A00188024 /* ViewControllerVelha.swift in Sources */,
				A336FE882A17A4A400807227 /* ViewControllerGuru.swift in Sources */,
				A336FE742A17A37000807227 /* AppDelegate.swift in Sources */,
				A336FE8A2A17ADD200807227 /* ViewControllerRandom.swift in Sources */,
				A336FE762A17A37000807227 /* SceneDelegate.swift in Sources */,
			);
			runOnlyForDeploymentPostprocessing = 0;
		};
/* End PBXSourcesBuildPhase section */

/* Begin PBXVariantGroup section */
		A336FE792A17A37000807227 /* Main.storyboard */ = {
			isa = PBXVariantGroup;
			children = (
				A336FE7A2A17A37000807227 /* Base */,
			);
			name = Main.storyboard;
			sourceTree = "<group>";
		};
		A336FE7E2A17A37200807227 /* LaunchScreen.storyboard */ = {
			isa = PBXVariantGroup;
			children = (
				A336FE7F2A17A37200807227 /* Base */,
			);
			name = LaunchScreen.storyboard;
			sourceTree = "<group>";
		};
/* End PBXVariantGroup section */

/* Begin XCBuildConfiguration section */
		A336FE822A17A37200807227 /* Debug */ = {
			isa = XCBuildConfiguration;
			buildSettings = {
				ALWAYS_SEARCH_USER_PATHS = NO;
				CLANG_ANALYZER_NONNULL = YES;
				CLANG_ANALYZER_NUMBER_OBJECT_CONVERSION = YES_AGGRESSIVE;
				CLANG_CXX_LANGUAGE_STANDARD = "gnu++20";
				CLANG_ENABLE_MODULES = YES;
				CLANG_ENABLE_OBJC_ARC = YES;
				CLANG_ENABLE_OBJC_WEAK = YES;
				CLANG_WARN_BLOCK_CAPTURE_AUTORELEASING = YES;
				CLANG_WARN_BOOL_CONVERSION = YES;
				CLANG_WARN_COMMA = YES;
				CLANG_WARN_CONSTANT_CONVERSION = YES;
				CLANG_WARN_DEPRECATED_OBJC_IMPLEMENTATIONS = YES;
				CLANG_WARN_DIRECT_OBJC_ISA_USAGE = YES_ERROR;
				CLANG_WARN_DOCUMENTATION_COMMENTS = YES;
				CLANG_WARN_EMPTY_BODY = YES;
				CLANG_WARN_ENUM_CONVERSION = YES;
				CLANG_WARN_INFINITE_RECURSION = YES;
				CLANG_WARN_INT_CONVERSION = YES;
				CLANG_WARN_NON_LITERAL_NULL_CONVERSION = YES;
				CLANG_WARN_OBJC_IMPLICIT_RETAIN_SELF = YES;
				CLANG_WARN_OBJC_LITERAL_CONVERSION = YES;
				CLANG_WARN_OBJC_ROOT_CLASS = YES_ERROR;
				CLANG_WARN_QUOTED_INCLUDE_IN_FRAMEWORK_HEADER = YES;
				CLANG_WARN_RANGE_LOOP_ANALYSIS = YES;
				CLANG_WARN_STRICT_PROTOTYPES = YES;
				CLANG_WARN_SUSPICIOUS_MOVE = YES;
				CLANG_WARN_UNGUARDED_AVAILABILITY = YES_AGGRESSIVE;
				CLANG_WARN_UNREACHABLE_CODE = YES;
				CLANG_WARN__DUPLICATE_METHOD_MATCH = YES;
				COPY_PHASE_STRIP = NO;
				DEBUG_INFORMATION_FORMAT = dwarf;
				ENABLE_STRICT_OBJC_MSGSEND = YES;
				ENABLE_TESTABILITY = YES;
				GCC_C_LANGUAGE_STANDARD = gnu11;
				GCC_DYNAMIC_NO_PIC = NO;
				GCC_NO_COMMON_BLOCKS = YES;
				GCC_OPTIMIZATION_LEVEL = 0;
				GCC_PREPROCESSOR_DEFINITIONS = (
					"DEBUG=1",
					"$(inherited)",
				);
				GCC_WARN_64_TO_32_BIT_CONVERSION = YES;
				GCC_WARN_ABOUT_RETURN_TYPE = YES_ERROR;
				GCC_WARN_UNDECLARED_SELECTOR = YES;
				GCC_WARN_UNINITIALIZED_AUTOS = YES_AGGRESSIVE;
				GCC_WARN_UNUSED_FUNCTION = YES;
				GCC_WARN_UNUSED_VARIABLE = YES;
				IPHONEOS_DEPLOYMENT_TARGET = 16.4;
				MTL_ENABLE_DEBUG_INFO = INCLUDE_SOURCE;
				MTL_FAST_MATH = YES;
				ONLY_ACTIVE_ARCH = YES;
				SDKROOT = iphoneos;
				SWIFT_ACTIVE_COMPILATION_CONDITIONS = DEBUG;
				SWIFT_OPTIMIZATION_LEVEL = "-Onone";
			};
			name = Debug;
		};
		A336FE832A17A37200807227 /* Release */ = {
			isa = XCBuildConfiguration;
			buildSettings = {
				ALWAYS_SEARCH_USER_PATHS = NO;
				CLANG_ANALYZER_NONNULL = YES;
				CLANG_ANALYZER_NUMBER_OBJECT_CONVERSION = YES_AGGRESSIVE;
				CLANG_CXX_LANGUAGE_STANDARD = "gnu++20";
				CLANG_ENABLE_MODULES = YES;
				CLANG_ENABLE_OBJC_ARC = YES;
				CLANG_ENABLE_OBJC_WEAK = YES;
				CLANG_WARN_BLOCK_CAPTURE_AUTORELEASING = YES;
				CLANG_WARN_BOOL_CONVERSION = YES;
				CLANG_WARN_COMMA = YES;
				CLANG_WARN_CONSTANT_CONVERSION = YES;
				CLANG_WARN_DEPRECATED_OBJC_IMPLEMENTATIONS = YES;
				CLANG_WARN_DIRECT_OBJC_ISA_USAGE = YES_ERROR;
				CLANG_WARN_DOCUMENTATION_COMMENTS = YES;
				CLANG_WARN_EMPTY_BODY = YES;
				CLANG_WARN_ENUM_CONVERSION = YES;
				CLANG_WARN_INFINITE_RECURSION = YES;
				CLANG_WARN_INT_CONVERSION = YES;
				CLANG_WARN_NON_LITERAL_NULL_CONVERSION = YES;
				CLANG_WARN_OBJC_IMPLICIT_RETAIN_SELF = YES;
				CLANG_WARN_OBJC_LITERAL_CONVERSION = YES;
				CLANG_WARN_OBJC_ROOT_CLASS = YES_ERROR;
				CLANG_WARN_QUOTED_INCLUDE_IN_FRAMEWORK_HEADER = YES;
				CLANG_WARN_RANGE_LOOP_ANALYSIS = YES;
				CLANG_WARN_STRICT_PROTOTYPES = YES;
				CLANG_WARN_SUSPICIOUS_MOVE = YES;
				CLANG_WARN_UNGUARDED_AVAILABILITY = YES_AGGRESSIVE;
				CLANG_WARN_UNREACHABLE_CODE = YES;
				CLANG_WARN__DUPLICATE_METHOD_MATCH = YES;
				COPY_PHASE_STRIP = NO;
				DEBUG_INFORMATION_FORMAT = "dwarf-with-dsym";
				ENABLE_NS_ASSERTIONS = NO;
				ENABLE_STRICT_OBJC_MSGSEND = YES;
				GCC_C_LANGUAGE_STANDARD = gnu11;
				GCC_NO_COMMON_BLOCKS = YES;
				GCC_WARN_64_TO_32_BIT_CONVERSION = YES;
				GCC_WARN_ABOUT_RETURN_TYPE = YES_ERROR;
				GCC_WARN_UNDECLARED_SELECTOR = YES;
				GCC_WARN_UNINITIALIZED_AUTOS = YES_AGGRESSIVE;
				GCC_WARN_UNUSED_FUNCTION = YES;
				GCC_WARN_UNUSED_VARIABLE = YES;
				IPHONEOS_DEPLOYMENT_TARGET = 16.4;
				MTL_ENABLE_DEBUG_INFO = NO;
				MTL_FAST_MATH = YES;
				SDKROOT = iphoneos;
				SWIFT_COMPILATION_MODE = wholemodule;
				SWIFT_OPTIMIZATION_LEVEL = "-O";
				VALIDATE_PRODUCT = YES;
			};
			name = Release;
		};
		A336FE852A17A37200807227 /* Debug */ = {
			isa = XCBuildConfiguration;
			buildSettings = {
				ASSETCATALOG_COMPILER_APPICON_NAME = AppIcon;
				ASSETCATALOG_COMPILER_GLOBAL_ACCENT_COLOR_NAME = AccentColor;
				CODE_SIGN_STYLE = Automatic;
				CURRENT_PROJECT_VERSION = 1;
				GENERATE_INFOPLIST_FILE = YES;
				INFOPLIST_FILE = guruReview/Info.plist;
				INFOPLIST_KEY_UIApplicationSupportsIndirectInputEvents = YES;
				INFOPLIST_KEY_UILaunchStoryboardName = LaunchScreen;
				INFOPLIST_KEY_UIMainStoryboardFile = Main;
				INFOPLIST_KEY_UISupportedInterfaceOrientations_iPad = "UIInterfaceOrientationPortrait UIInterfaceOrientationPortraitUpsideDown UIInterfaceOrientationLandscapeLeft UIInterfaceOrientationLandscapeRight";
				INFOPLIST_KEY_UISupportedInterfaceOrientations_iPhone = "UIInterfaceOrientationPortrait UIInterfaceOrientationLandscapeLeft UIInterfaceOrientationLandscapeRight";
				LD_RUNPATH_SEARCH_PATHS = (
					"$(inherited)",
					"@executable_path/Frameworks",
				);
				MARKETING_VERSION = 1.0;
				PRODUCT_BUNDLE_IDENTIFIER = br.com.gabrielGalvao.guruReview;
				PRODUCT_NAME = "$(TARGET_NAME)";
				SWIFT_EMIT_LOC_STRINGS = YES;
				SWIFT_VERSION = 5.0;
				TARGETED_DEVICE_FAMILY = "1,2";
			};
			name = Debug;
		};
		A336FE862A17A37200807227 /* Release */ = {
			isa = XCBuildConfiguration;
			buildSettings = {
				ASSETCATALOG_COMPILER_APPICON_NAME = AppIcon;
				ASSETCATALOG_COMPILER_GLOBAL_ACCENT_COLOR_NAME = AccentColor;
				CODE_SIGN_STYLE = Automatic;
				CURRENT_PROJECT_VERSION = 1;
				GENERATE_INFOPLIST_FILE = YES;
				INFOPLIST_FILE = guruReview/Info.plist;
				INFOPLIST_KEY_UIApplicationSupportsIndirectInputEvents = YES;
				INFOPLIST_KEY_UILaunchStoryboardName = LaunchScreen;
				INFOPLIST_KEY_UIMainStoryboardFile = Main;
				INFOPLIST_KEY_UISupportedInterfaceOrientations_iPad = "UIInterfaceOrientationPortrait UIInterfaceOrientationPortraitUpsideDown UIInterfaceOrientationLandscapeLeft UIInterfaceOrientationLandscapeRight";
				INFOPLIST_KEY_UISupportedInterfaceOrientations_iPhone = "UIInterfaceOrientationPortrait UIInterfaceOrientationLandscapeLeft UIInterfaceOrientationLandscapeRight";
				LD_RUNPATH_SEARCH_PATHS = (
					"$(inherited)",
					"@executable_path/Frameworks",
				);
				MARKETING_VERSION = 1.0;
				PRODUCT_BUNDLE_IDENTIFIER = br.com.gabrielGalvao.guruReview;
				PRODUCT_NAME = "$(TARGET_NAME)";
				SWIFT_EMIT_LOC_STRINGS = YES;
				SWIFT_VERSION = 5.0;
				TARGETED_DEVICE_FAMILY = "1,2";
			};
			name = Release;
		};
/* End XCBuildConfiguration section */

/* Begin XCConfigurationList section */
		A336FE6B2A17A37000807227 /* Build configuration list for PBXProject "guruReview" */ = {
			isa = XCConfigurationList;
			buildConfigurations = (
				A336FE822A17A37200807227 /* Debug */,
				A336FE832A17A37200807227 /* Release */,
			);
			defaultConfigurationIsVisible = 0;
			defaultConfigurationName = Release;
		};
		A336FE842A17A37200807227 /* Build configuration list for PBXNativeTarget "guruReview" */ = {
			isa = XCConfigurationList;
			buildConfigurations = (
				A336FE852A17A37200807227 /* Debug */,
				A336FE862A17A37200807227 /* Release */,
			);
			defaultConfigurationIsVisible = 0;
			defaultConfigurationName = Release;
		};
/* End XCConfigurationList section */
	};
	rootObject = A336FE682A17A37000807227 /* Project object */;
}
